// !$*UTF8*$!
{
	archiveVersion = 1;
	classes = {
	};
	objectVersion = 46;
	objects = {

/* Begin PBXBuildFile section */
		4B7BAC951ED4CE0400E6499A /* AppDelegate.swift in Sources */ = {isa = PBXBuildFile; fileRef = 4B7BAC941ED4CE0400E6499A /* AppDelegate.swift */; };
		4B7BAC971ED4CE0400E6499A /* ViewController.swift in Sources */ = {isa = PBXBuildFile; fileRef = 4B7BAC961ED4CE0400E6499A /* ViewController.swift */; };
		4B7BAC9A1ED4CE0400E6499A /* Main.storyboard in Resources */ = {isa = PBXBuildFile; fileRef = 4B7BAC981ED4CE0400E6499A /* Main.storyboard */; };
		4B7BAC9C1ED4CE0400E6499A /* Assets.xcassets in Resources */ = {isa = PBXBuildFile; fileRef = 4B7BAC9B1ED4CE0400E6499A /* Assets.xcassets */; };
		4B7BAC9F1ED4CE0400E6499A /* LaunchScreen.storyboard in Resources */ = {isa = PBXBuildFile; fileRef = 4B7BAC9D1ED4CE0400E6499A /* LaunchScreen.storyboard */; };
/* End PBXBuildFile section */

/* Begin PBXFileReference section */
		4B7BAC911ED4CE0400E6499A /* Calculator.app */ = {isa = PBXFileReference; explicitFileType = wrapper.application; includeInIndex = 0; path = Calculator.app; sourceTree = BUILT_PRODUCTS_DIR; };
		4B7BAC941ED4CE0400E6499A /* AppDelegate.swift */ = {isa = PBXFileReference; lastKnownFileType = sourcecode.swift; path = AppDelegate.swift; sourceTree = "<group>"; };
		4B7BAC961ED4CE0400E6499A /* ViewController.swift */ = {isa = PBXFileReference; lastKnownFileType = sourcecode.swift; path = ViewController.swift; sourceTree = "<group>"; };
		4B7BAC991ED4CE0400E6499A /* Base */ = {isa = PBXFileReference; lastKnownFileType = file.storyboard; name = Base; path = Base.lproj/Main.storyboard; sourceTree = "<group>"; };
		4B7BAC9B1ED4CE0400E6499A /* Assets.xcassets */ = {isa = PBXFileReference; lastKnownFileType = folder.assetcatalog; path = Assets.xcassets; sourceTree = "<group>"; };
		4B7BAC9E1ED4CE0400E6499A /* Base */ = {isa = PBXFileReference; lastKnownFileType = file.storyboard; name = Base; path = Base.lproj/LaunchScreen.storyboard; sourceTree = "<group>"; };
		4B7BACA01ED4CE0400E6499A /* Info.plist */ = {isa = PBXFileReference; lastKnownFileType = text.plist.xml; path = Info.plist; sourceTree = "<group>"; };
/* End PBXFileReference section */

/* Begin PBXFrameworksBuildPhase section */
		4B7BAC8E1ED4CE0400E6499A /* Frameworks */ = {
			isa = PBXFrameworksBuildPhase;
			buildActionMask = 2147483647;
			files = (
			);
			runOnlyForDeploymentPostprocessing = 0;
		};
/* End PBXFrameworksBuildPhase section */

/* Begin PBXGroup section */
		4B7BAC881ED4CE0400E6499A = {
			isa = PBXGroup;
			children = (
				4B7BAC931ED4CE0400E6499A /* Calculator */,
				4B7BAC921ED4CE0400E6499A /* Products */,
			);
			sourceTree = "<group>";
		};
		4B7BAC921ED4CE0400E6499A /* Products */ = {
			isa = PBXGroup;
			children = (
				4B7BAC911ED4CE0400E6499A /* Calculator.app */,
			);
			name = Products;
			sourceTree = "<group>";
		};
		4B7BAC931ED4CE0400E6499A /* Calculator */ = {
			isa = PBXGroup;
			children = (
				4B7BACA61ED4CE9500E6499A /* Supporting Files */,
				4B7BAC961ED4CE0400E6499A /* ViewController.swift */,
				4B7BAC981ED4CE0400E6499A /* Main.storyboard */,
			);
			path = Calculator;
			sourceTree = "<group>";
		};
		4B7BACA61ED4CE9500E6499A /* Supporting Files */ = {
			isa = PBXGroup;
			children = (
				4B7BAC941ED4CE0400E6499A /* AppDelegate.swift */,
				4B7BAC9B1ED4CE0400E6499A /* Assets.xcassets */,
				4B7BAC9D1ED4CE0400E6499A /* LaunchScreen.storyboard */,
				4B7BACA01ED4CE0400E6499A /* Info.plist */,
			);
			name = "Supporting Files";
			sourceTree = "<group>";
		};
/* End PBXGroup section */

/* Begin PBXNativeTarget section */
		4B7BAC901ED4CE0400E6499A /* Calculator */ = {
			isa = PBXNativeTarget;
			buildConfigurationList = 4B7BACA31ED4CE0400E6499A /* Build configuration list for PBXNativeTarget "Calculator" */;
			buildPhases = (
				4B7BAC8D1ED4CE0400E6499A /* Sources */,
				4B7BAC8E1ED4CE0400E6499A /* Frameworks */,
				4B7BAC8F1ED4CE0400E6499A /* Resources */,
			);
			buildRules = (
			);
			dependencies = (
			);
			name = Calculator;
			productName = Calculator;
			productReference = 4B7BAC911ED4CE0400E6499A /* Calculator.app */;
			productType = "com.apple.product-type.application";
		};
/* End PBXNativeTarget section */

/* Begin PBXProject section */
		4B7BAC891ED4CE0400E6499A /* Project object */ = {
			isa = PBXProject;
			attributes = {
				LastSwiftUpdateCheck = 0830;
				LastUpgradeCheck = 0830;
				ORGANIZATIONNAME = "Sherilyn Hua";
				TargetAttributes = {
					4B7BAC901ED4CE0400E6499A = {
						CreatedOnToolsVersion = 8.3.2;
						DevelopmentTeam = 9BX9XCQ4KJ;
						ProvisioningStyle = Automatic;
					};
				};
			};
			buildConfigurationList = 4B7BAC8C1ED4CE0400E6499A /* Build configuration list for PBXProject "Calculator" */;
			compatibilityVersion = "Xcode 3.2";
			developmentRegion = English;
			hasScannedForEncodings = 0;
			knownRegions = (
				en,
				Base,
			);
			mainGroup = 4B7BAC881ED4CE0400E6499A;
			productRefGroup = 4B7BAC921ED4CE0400E6499A /* Products */;
			projectDirPath = "";
			projectRoot = "";
			targets = (
				4B7BAC901ED4CE0400E6499A /* Calculator */,
			);
		};
/* End PBXProject section */

/* Begin PBXResourcesBuildPhase section */
		4B7BAC8F1ED4CE0400E6499A /* Resources */ = {
			isa = PBXResourcesBuildPhase;
			buildActionMask = 2147483647;
			files = (
				4B7BAC9F1ED4CE0400E6499A /* LaunchScreen.storyboard in Resources */,
				4B7BAC9C1ED4CE0400E6499A /* Assets.xcassets in Resources */,
				4B7BAC9A1ED4CE0400E6499A /* Main.storyboard in Resources */,
			);
			runOnlyForDeploymentPostprocessing = 0;
		};
/* End PBXResourcesBuildPhase section */

/* Begin PBXSourcesBuildPhase section */
		4B7BAC8D1ED4CE0400E6499A /* Sources */ = {
			isa = PBXSourcesBuildPhase;
			buildActionMask = 2147483647;
			files = (
				4B7BAC971ED4CE0400E6499A /* ViewController.swift in Sources */,
				4B7BAC951ED4CE0400E6499A /* AppDelegate.swift in Sources */,
			);
			runOnlyForDeploymentPostprocessing = 0;
		};
/* End PBXSourcesBuildPhase section */

/* Begin PBXVariantGroup section */
		4B7BAC981ED4CE0400E6499A /* Main.storyboard */ = {
			isa = PBXVariantGroup;
			children = (
				4B7BAC991ED4CE0400E6499A /* Base */,
			);
			name = Main.storyboard;
			sourceTree = "<group>";
		};
		4B7BAC9D1ED4CE0400E6499A /* LaunchScreen.storyboard */ = {
			isa = PBXVariantGroup;
			children = (
				4B7BAC9E1ED4CE0400E6499A /* Base */,
			);
			name = LaunchScreen.storyboard;
			sourceTree = "<group>";
		};
/* End PBXVariantGroup section */

/* Begin XCBuildConfiguration section */
		4B7BACA11ED4CE0400E6499A /* Debug */ = {
			isa = XCBuildConfiguration;
			buildSettings = {
				ALWAYS_SEARCH_USER_PATHS = NO;
				CLANG_ANALYZER_NONNULL = YES;
				CLANG_ANALYZER_NUMBER_OBJECT_CONVERSION = YES_AGGRESSIVE;
				CLANG_CXX_LANGUAGE_STANDARD = "gnu++0x";
				CLANG_CXX_LIBRARY = "libc++";
				CLANG_ENABLE_MODULES = YES;
				CLANG_ENABLE_OBJC_ARC = YES;
				CLANG_WARN_BOOL_CONVERSION = YES;
				CLANG_WARN_CONSTANT_CONVERSION = YES;
				CLANG_WARN_DIRECT_OBJC_ISA_USAGE = YES_ERROR;
				CLANG_WARN_DOCUMENTATION_COMMENTS = YES;
				CLANG_WARN_EMPTY_BODY = YES;
				CLANG_WARN_ENUM_CONVERSION = YES;
				CLANG_WARN_INFINITE_RECURSION = YES;
				CLANG_WARN_INT_CONVERSION = YES;
				CLANG_WARN_OBJC_ROOT_CLASS = YES_ERROR;
				CLANG_WARN_SUSPICIOUS_MOVE = YES;
				CLANG_WARN_UNREACHABLE_CODE = YES;
				CLANG_WARN__DUPLICATE_METHOD_MATCH = YES;
				"CODE_SIGN_IDENTITY[sdk=iphoneos*]" = "iPhone Developer";
				COPY_PHASE_STRIP = NO;
				DEBUG_INFORMATION_FORMAT = dwarf;
				ENABLE_STRICT_OBJC_MSGSEND = YES;
				ENABLE_TESTABILITY = YES;
				GCC_C_LANGUAGE_STANDARD = gnu99;
				GCC_DYNAMIC_NO_PIC = NO;
				GCC_NO_COMMON_BLOCKS = YES;
				GCC_OPTIMIZATION_LEVEL = 0;
				GCC_PREPROCESSOR_DEFINITIONS = (
					"DEBUG=1",
					"$(inherited)",
				);
				GCC_WARN_64_TO_32_BIT_CONVERSION = YES;
				GCC_WARN_ABOUT_RETURN_TYPE = YES_ERROR;
				GCC_WARN_UNDECLARED_SELECTOR = YES;
				GCC_WARN_UNINITIALIZED_AUTOS = YES_AGGRESSIVE;
				GCC_WARN_UNUSED_FUNCTION = YES;
				GCC_WARN_UNUSED_VARIABLE = YES;
				IPHONEOS_DEPLOYMENT_TARGET = 10.3;
				MTL_ENABLE_DEBUG_INFO = YES;
				ONLY_ACTIVE_ARCH = YES;
				SDKROOT = iphoneos;
				SWIFT_ACTIVE_COMPILATION_CONDITIONS = DEBUG;
				SWIFT_OPTIMIZATION_LEVEL = "-Onone";
				TARGETED_DEVICE_FAMILY = "1,2";
			};
			name = Debug;
		};
		4B7BACA21ED4CE0400E6499A /* Release */ = {
			isa = XCBuildConfiguration;
			buildSettings = {
				ALWAYS_SEARCH_USER_PATHS = NO;
				CLANG_ANALYZER_NONNULL = YES;
				CLANG_ANALYZER_NUMBER_OBJECT_CONVERSION = YES_AGGRESSIVE;
				CLANG_CXX_LANGUAGE_STANDARD = "gnu++0x";
				CLANG_CXX_LIBRARY = "libc++";
				CLANG_ENABLE_MODULES = YES;
				CLANG_ENABLE_OBJC_ARC = YES;
				CLANG_WARN_BOOL_CONVERSION = YES;
				CLANG_WARN_CONSTANT_CONVERSION = YES;
				CLANG_WARN_DIRECT_OBJC_ISA_USAGE = YES_ERROR;
				CLANG_WARN_DOCUMENTATION_COMMENTS = YES;
				CLANG_WARN_EMPTY_BODY = YES;
				CLANG_WARN_ENUM_CONVERSION = YES;
				CLANG_WARN_INFINITE_RECURSION = YES;
				CLANG_WARN_INT_CONVERSION = YES;
				CLANG_WARN_OBJC_ROOT_CLASS = YES_ERROR;
				CLANG_WARN_SUSPICIOUS_MOVE = YES;
				CLANG_WARN_UNREACHABLE_CODE = YES;
				CLANG_WARN__DUPLICATE_METHOD_MATCH = YES;
				"CODE_SIGN_IDENTITY[sdk=iphoneos*]" = "iPhone Developer";
				COPY_PHASE_STRIP = NO;
				DEBUG_INFORMATION_FORMAT = "dwarf-with-dsym";
				ENABLE_NS_ASSERTIONS = NO;
				ENABLE_STRICT_OBJC_MSGSEND = YES;
				GCC_C_LANGUAGE_STANDARD = gnu99;
				GCC_NO_COMMON_BLOCKS = YES;
				GCC_WARN_64_TO_32_BIT_CONVERSION = YES;
				GCC_WARN_ABOUT_RETURN_TYPE = YES_ERROR;
				GCC_WARN_UNDECLARED_SELECTOR = YES;
				GCC_WARN_UNINITIALIZED_AUTOS = YES_AGGRESSIVE;
				GCC_WARN_UNUSED_FUNCTION = YES;
				GCC_WARN_UNUSED_VARIABLE = YES;
				IPHONEOS_DEPLOYMENT_TARGET = 10.3;
				MTL_ENABLE_DEBUG_INFO = NO;
				SDKROOT = iphoneos;
				SWIFT_OPTIMIZATION_LEVEL = "-Owholemodule";
				TARGETED_DEVICE_FAMILY = "1,2";
				VALIDATE_PRODUCT = YES;
			};
			name = Release;
		};
		4B7BACA41ED4CE0400E6499A /* Debug */ = {
			isa = XCBuildConfiguration;
			buildSettings = {
				ASSETCATALOG_COMPILER_APPICON_NAME = AppIcon;
				DEVELOPMENT_TEAM = 9BX9XCQ4KJ;
				INFOPLIST_FILE = Calculator/Info.plist;
				LD_RUNPATH_SEARCH_PATHS = "$(inherited) @executable_path/Frameworks";
				PRODUCT_BUNDLE_IDENTIFIER = zyhuaSherilyn.Calculator;
				PRODUCT_NAME = "$(TARGET_NAME)";
				SWIFT_VERSION = 3.0;
			};
			name = Debug;
		};
		4B7BACA51ED4CE0400E6499A /* Release */ = {
			isa = XCBuildConfiguration;
			buildSettings = {
				ASSETCATALOG_COMPILER_APPICON_NAME = AppIcon;
				DEVELOPMENT_TEAM = 9BX9XCQ4KJ;
				INFOPLIST_FILE = Calculator/Info.plist;
				LD_RUNPATH_SEARCH_PATHS = "$(inherited) @executable_path/Frameworks";
				PRODUCT_BUNDLE_IDENTIFIER = zyhuaSherilyn.Calculator;
				PRODUCT_NAME = "$(TARGET_NAME)";
				SWIFT_VERSION = 3.0;
			};
			name = Release;
		};
/* End XCBuildConfiguration section */

/* Begin XCConfigurationList section */
		4B7BAC8C1ED4CE0400E6499A /* Build configuration list for PBXProject "Calculator" */ = {
			isa = XCConfigurationList;
			buildConfigurations = (
				4B7BACA11ED4CE0400E6499A /* Debug */,
				4B7BACA21ED4CE0400E6499A /* Release */,
			);
			defaultConfigurationIsVisible = 0;
			defaultConfigurationName = Release;
		};
		4B7BACA31ED4CE0400E6499A /* Build configuration list for PBXNativeTarget "Calculator" */ = {
			isa = XCConfigurationList;
			buildConfigurations = (
				4B7BACA41ED4CE0400E6499A /* Debug */,
				4B7BACA51ED4CE0400E6499A /* Release */,
			);
			defaultConfigurationIsVisible = 0;
		};
/* End XCConfigurationList section */
	};
	rootObject = 4B7BAC891ED4CE0400E6499A /* Project object */;
}
